{
  "name": "express_basics",
  "version": "1.0.0",
  "lockfileVersion": 3,
  "requires": true,
  "packages": {
    "": {
      "name": "express_basics",
      "version": "1.0.0",
      "license": "MIT",
      "dependencies": {
        "os-paths": "^7.4.0"
      },
      "devDependencies": {}
    },
    "node_modules/fsevents": {
      "version": "2.3.3",
      "resolved": "https://registry.npmjs.org/fsevents/-/fsevents-2.3.3.tgz",
      "integrity": "sha512-5xoDfX+fL7faATnagmWPpbFtwh/R77WmMMqqHGS65C3vvB0YHrgF+B1YmZ3441tMj5n63k0212XNoJwzlhffQw==",
      "hasInstallScript": true,
      "license": "MIT",
      "optional": true,
      "os": [
        "darwin"
      ],
      "engines": {
        "node": "^8.16.0 || ^10.6.0 || >=11.0.0"
      }
    },
    "node_modules/os-paths": {
      "version": "7.4.0",
      "resolved": "https://registry.npmjs.org/os-paths/-/os-paths-7.4.0.tgz",
      "integrity": "sha512-Ux1J4NUqC6tZayBqLN1kUlDAEvLiQlli/53sSddU4IN+h+3xxnv2HmRSMpVSvr1hvJzotfMs3ERvETGK+f4OwA==",
      "license": "MIT",
      "engines": {
        "node": ">= 4.0"
      },
      "optionalDependencies": {
        "fsevents": "*"
      }
    }
  }
}
